// !$*UTF8*$!
{
	archiveVersion = 1;
	classes = {
	};
	objectVersion = 48;
	objects = {

/* Begin PBXBuildFile section */
		C11F188F203F243F00BCE130 /* DataModel.xcdatamodeld in Sources */ = {isa = PBXBuildFile; fileRef = C11F188D203F243F00BCE130 /* DataModel.xcdatamodeld */; };
		C16CFD972045B8AD0007A6D8 /* CategoryViewController.swift in Sources */ = {isa = PBXBuildFile; fileRef = C16CFD962045B8AD0007A6D8 /* CategoryViewController.swift */; };
		C1955CF1203DCC7D0063A5EF /* AppDelegate.swift in Sources */ = {isa = PBXBuildFile; fileRef = C1955CF0203DCC7D0063A5EF /* AppDelegate.swift */; };
		C1955CF3203DCC7D0063A5EF /* TodoListViewController.swift in Sources */ = {isa = PBXBuildFile; fileRef = C1955CF2203DCC7D0063A5EF /* TodoListViewController.swift */; };
		C1955CF6203DCC7D0063A5EF /* Main.storyboard in Resources */ = {isa = PBXBuildFile; fileRef = C1955CF4203DCC7D0063A5EF /* Main.storyboard */; };
		C1955CF8203DCC7D0063A5EF /* Assets.xcassets in Resources */ = {isa = PBXBuildFile; fileRef = C1955CF7203DCC7D0063A5EF /* Assets.xcassets */; };
		C1955CFB203DCC7D0063A5EF /* LaunchScreen.storyboard in Resources */ = {isa = PBXBuildFile; fileRef = C1955CF9203DCC7D0063A5EF /* LaunchScreen.storyboard */; };
/* End PBXBuildFile section */

/* Begin PBXFileReference section */
		C11F188E203F243F00BCE130 /* DataModel.xcdatamodel */ = {isa = PBXFileReference; lastKnownFileType = wrapper.xcdatamodel; path = DataModel.xcdatamodel; sourceTree = "<group>"; };
		C16CFD962045B8AD0007A6D8 /* CategoryViewController.swift */ = {isa = PBXFileReference; lastKnownFileType = sourcecode.swift; path = CategoryViewController.swift; sourceTree = "<group>"; };
		C1955CED203DCC7D0063A5EF /* Todoey.app */ = {isa = PBXFileReference; explicitFileType = wrapper.application; includeInIndex = 0; path = Todoey.app; sourceTree = BUILT_PRODUCTS_DIR; };
		C1955CF0203DCC7D0063A5EF /* AppDelegate.swift */ = {isa = PBXFileReference; lastKnownFileType = sourcecode.swift; path = AppDelegate.swift; sourceTree = "<group>"; };
		C1955CF2203DCC7D0063A5EF /* TodoListViewController.swift */ = {isa = PBXFileReference; lastKnownFileType = sourcecode.swift; path = TodoListViewController.swift; sourceTree = "<group>"; };
		C1955CF5203DCC7D0063A5EF /* Base */ = {isa = PBXFileReference; lastKnownFileType = file.storyboard; name = Base; path = Base.lproj/Main.storyboard; sourceTree = "<group>"; };
		C1955CF7203DCC7D0063A5EF /* Assets.xcassets */ = {isa = PBXFileReference; lastKnownFileType = folder.assetcatalog; path = Assets.xcassets; sourceTree = "<group>"; };
		C1955CFA203DCC7D0063A5EF /* Base */ = {isa = PBXFileReference; lastKnownFileType = file.storyboard; name = Base; path = Base.lproj/LaunchScreen.storyboard; sourceTree = "<group>"; };
		C1955CFC203DCC7D0063A5EF /* Info.plist */ = {isa = PBXFileReference; lastKnownFileType = text.plist.xml; path = Info.plist; sourceTree = "<group>"; };
/* End PBXFileReference section */

/* Begin PBXFrameworksBuildPhase section */
		C1955CEA203DCC7D0063A5EF /* Frameworks */ = {
			isa = PBXFrameworksBuildPhase;
			buildActionMask = 2147483647;
			files = (
			);
			runOnlyForDeploymentPostprocessing = 0;
		};
/* End PBXFrameworksBuildPhase section */

/* Begin PBXGroup section */
		C11F1868203F0E1D00BCE130 /* Data Model */ = {
			isa = PBXGroup;
			children = (
				C11F188D203F243F00BCE130 /* DataModel.xcdatamodeld */,
			);
			path = "Data Model";
			sourceTree = "<group>";
		};
		C11F1869203F0E2E00BCE130 /* Controller */ = {
			isa = PBXGroup;
			children = (
				C16CFD962045B8AD0007A6D8 /* CategoryViewController.swift */,
				C1955CF0203DCC7D0063A5EF /* AppDelegate.swift */,
				C1955CF2203DCC7D0063A5EF /* TodoListViewController.swift */,
			);
			path = Controller;
			sourceTree = "<group>";
		};
		C11F186A203F0E5200BCE130 /* View */ = {
			isa = PBXGroup;
			children = (
				C1955CF4203DCC7D0063A5EF /* Main.storyboard */,
				C1955CF9203DCC7D0063A5EF /* LaunchScreen.storyboard */,
			);
			path = View;
			sourceTree = "<group>";
		};
		C11F186B203F0E5C00BCE130 /* Supporting Files */ = {
			isa = PBXGroup;
			children = (
				C1955CF7203DCC7D0063A5EF /* Assets.xcassets */,
			);
			path = "Supporting Files";
			sourceTree = "<group>";
		};
		C1955CE4203DCC7D0063A5EF = {
			isa = PBXGroup;
			children = (
				C1955CEF203DCC7D0063A5EF /* Todoey */,
				C1955CEE203DCC7D0063A5EF /* Products */,
			);
			sourceTree = "<group>";
		};
		C1955CEE203DCC7D0063A5EF /* Products */ = {
			isa = PBXGroup;
			children = (
				C1955CED203DCC7D0063A5EF /* Todoey.app */,
			);
			name = Products;
			sourceTree = "<group>";
		};
		C1955CEF203DCC7D0063A5EF /* Todoey */ = {
			isa = PBXGroup;
			children = (
				C1955CFC203DCC7D0063A5EF /* Info.plist */,
				C11F1869203F0E2E00BCE130 /* Controller */,
				C11F1868203F0E1D00BCE130 /* Data Model */,
				C11F186A203F0E5200BCE130 /* View */,
				C11F186B203F0E5C00BCE130 /* Supporting Files */,
			);
			path = Todoey;
			sourceTree = "<group>";
		};
/* End PBXGroup section */

/* Begin PBXNativeTarget section */
		C1955CEC203DCC7D0063A5EF /* Todoey */ = {
			isa = PBXNativeTarget;
			buildConfigurationList = C1955CFF203DCC7D0063A5EF /* Build configuration list for PBXNativeTarget "Todoey" */;
			buildPhases = (
				C1955CE9203DCC7D0063A5EF /* Sources */,
				C1955CEA203DCC7D0063A5EF /* Frameworks */,
				C1955CEB203DCC7D0063A5EF /* Resources */,
			);
			buildRules = (
			);
			dependencies = (
			);
			name = Todoey;
			productName = Todoey;
			productReference = C1955CED203DCC7D0063A5EF /* Todoey.app */;
			productType = "com.apple.product-type.application";
		};
/* End PBXNativeTarget section */

/* Begin PBXProject section */
		C1955CE5203DCC7D0063A5EF /* Project object */ = {
			isa = PBXProject;
			attributes = {
				LastSwiftUpdateCheck = 0920;
				LastUpgradeCheck = 0920;
				ORGANIZATIONNAME = "Maria Martinez Guzman";
				TargetAttributes = {
					C1955CEC203DCC7D0063A5EF = {
						CreatedOnToolsVersion = 9.2;
						ProvisioningStyle = Automatic;
					};
				};
			};
			buildConfigurationList = C1955CE8203DCC7D0063A5EF /* Build configuration list for PBXProject "Todoey" */;
			compatibilityVersion = "Xcode 8.0";
			developmentRegion = en;
			hasScannedForEncodings = 0;
			knownRegions = (
				en,
				Base,
			);
			mainGroup = C1955CE4203DCC7D0063A5EF;
			productRefGroup = C1955CEE203DCC7D0063A5EF /* Products */;
			projectDirPath = "";
			projectRoot = "";
			targets = (
				C1955CEC203DCC7D0063A5EF /* Todoey */,
			);
		};
/* End PBXProject section */

/* Begin PBXResourcesBuildPhase section */
		C1955CEB203DCC7D0063A5EF /* Resources */ = {
			isa = PBXResourcesBuildPhase;
			buildActionMask = 2147483647;
			files = (
				C1955CFB203DCC7D0063A5EF /* LaunchScreen.storyboard in Resources */,
				C1955CF8203DCC7D0063A5EF /* Assets.xcassets in Resources */,
				C1955CF6203DCC7D0063A5EF /* Main.storyboard in Resources */,
			);
			runOnlyForDeploymentPostprocessing = 0;
		};
/* End PBXResourcesBuildPhase section */

/* Begin PBXSourcesBuildPhase section */
		C1955CE9203DCC7D0063A5EF /* Sources */ = {
			isa = PBXSourcesBuildPhase;
			buildActionMask = 2147483647;
			files = (
				C16CFD972045B8AD0007A6D8 /* CategoryViewController.swift in Sources */,
				C1955CF3203DCC7D0063A5EF /* TodoListViewController.swift in Sources */,
				C11F188F203F243F00BCE130 /* DataModel.xcdatamodeld in Sources */,
				C1955CF1203DCC7D0063A5EF /* AppDelegate.swift in Sources */,
			);
			runOnlyForDeploymentPostprocessing = 0;
		};
/* End PBXSourcesBuildPhase section */

/* Begin PBXVariantGroup section */
		C1955CF4203DCC7D0063A5EF /* Main.storyboard */ = {
			isa = PBXVariantGroup;
			children = (
				C1955CF5203DCC7D0063A5EF /* Base */,
			);
			name = Main.storyboard;
			sourceTree = "<group>";
		};
		C1955CF9203DCC7D0063A5EF /* LaunchScreen.storyboard */ = {
			isa = PBXVariantGroup;
			children = (
				C1955CFA203DCC7D0063A5EF /* Base */,
			);
			name = LaunchScreen.storyboard;
			sourceTree = "<group>";
		};
/* End PBXVariantGroup section */

/* Begin XCBuildConfiguration section */
		C1955CFD203DCC7D0063A5EF /* Debug */ = {
			isa = XCBuildConfiguration;
			buildSettings = {
				ALWAYS_SEARCH_USER_PATHS = NO;
				CLANG_ANALYZER_NONNULL = YES;
				CLANG_ANALYZER_NUMBER_OBJECT_CONVERSION = YES_AGGRESSIVE;
				CLANG_CXX_LANGUAGE_STANDARD = "gnu++14";
				CLANG_CXX_LIBRARY = "libc++";
				CLANG_ENABLE_MODULES = YES;
				CLANG_ENABLE_OBJC_ARC = YES;
				CLANG_WARN_BLOCK_CAPTURE_AUTORELEASING = YES;
				CLANG_WARN_BOOL_CONVERSION = YES;
				CLANG_WARN_COMMA = YES;
				CLANG_WARN_CONSTANT_CONVERSION = YES;
				CLANG_WARN_DIRECT_OBJC_ISA_USAGE = YES_ERROR;
				CLANG_WARN_DOCUMENTATION_COMMENTS = YES;
				CLANG_WARN_EMPTY_BODY = YES;
				CLANG_WARN_ENUM_CONVERSION = YES;
				CLANG_WARN_INFINITE_RECURSION = YES;
				CLANG_WARN_INT_CONVERSION = YES;
				CLANG_WARN_NON_LITERAL_NULL_CONVERSION = YES;
				CLANG_WARN_OBJC_LITERAL_CONVERSION = YES;
				CLANG_WARN_OBJC_ROOT_CLASS = YES_ERROR;
				CLANG_WARN_RANGE_LOOP_ANALYSIS = YES;
				CLANG_WARN_STRICT_PROTOTYPES = YES;
				CLANG_WARN_SUSPICIOUS_MOVE = YES;
				CLANG_WARN_UNGUARDED_AVAILABILITY = YES_AGGRESSIVE;
				CLANG_WARN_UNREACHABLE_CODE = YES;
				CLANG_WARN__DUPLICATE_METHOD_MATCH = YES;
				CODE_SIGN_IDENTITY = "iPhone Developer";
				COPY_PHASE_STRIP = NO;
				DEBUG_INFORMATION_FORMAT = dwarf;
				ENABLE_STRICT_OBJC_MSGSEND = YES;
				ENABLE_TESTABILITY = YES;
				GCC_C_LANGUAGE_STANDARD = gnu11;
				GCC_DYNAMIC_NO_PIC = NO;
				GCC_NO_COMMON_BLOCKS = YES;
				GCC_OPTIMIZATION_LEVEL = 0;
				GCC_PREPROCESSOR_DEFINITIONS = (
					"DEBUG=1",
					"$(inherited)",
				);
				GCC_WARN_64_TO_32_BIT_CONVERSION = YES;
				GCC_WARN_ABOUT_RETURN_TYPE = YES_ERROR;
				GCC_WARN_UNDECLARED_SELECTOR = YES;
				GCC_WARN_UNINITIALIZED_AUTOS = YES_AGGRESSIVE;
				GCC_WARN_UNUSED_FUNCTION = YES;
				GCC_WARN_UNUSED_VARIABLE = YES;
				IPHONEOS_DEPLOYMENT_TARGET = 11.2;
				MTL_ENABLE_DEBUG_INFO = YES;
				ONLY_ACTIVE_ARCH = YES;
				SDKROOT = iphoneos;
				SWIFT_ACTIVE_COMPILATION_CONDITIONS = DEBUG;
				SWIFT_OPTIMIZATION_LEVEL = "-Onone";
			};
			name = Debug;
		};
		C1955CFE203DCC7D0063A5EF /* Release */ = {
			isa = XCBuildConfiguration;
			buildSettings = {
				ALWAYS_SEARCH_USER_PATHS = NO;
				CLANG_ANALYZER_NONNULL = YES;
				CLANG_ANALYZER_NUMBER_OBJECT_CONVERSION = YES_AGGRESSIVE;
				CLANG_CXX_LANGUAGE_STANDARD = "gnu++14";
				CLANG_CXX_LIBRARY = "libc++";
				CLANG_ENABLE_MODULES = YES;
				CLANG_ENABLE_OBJC_ARC = YES;
				CLANG_WARN_BLOCK_CAPTURE_AUTORELEASING = YES;
				CLANG_WARN_BOOL_CONVERSION = YES;
				CLANG_WARN_COMMA = YES;
				CLANG_WARN_CONSTANT_CONVERSION = YES;
				CLANG_WARN_DIRECT_OBJC_ISA_USAGE = YES_ERROR;
				CLANG_WARN_DOCUMENTATION_COMMENTS = YES;
				CLANG_WARN_EMPTY_BODY = YES;
				CLANG_WARN_ENUM_CONVERSION = YES;
				CLANG_WARN_INFINITE_RECURSION = YES;
				CLANG_WARN_INT_CONVERSION = YES;
				CLANG_WARN_NON_LITERAL_NULL_CONVERSION = YES;
				CLANG_WARN_OBJC_LITERAL_CONVERSION = YES;
				CLANG_WARN_OBJC_ROOT_CLASS = YES_ERROR;
				CLANG_WARN_RANGE_LOOP_ANALYSIS = YES;
				CLANG_WARN_STRICT_PROTOTYPES = YES;
				CLANG_WARN_SUSPICIOUS_MOVE = YES;
				CLANG_WARN_UNGUARDED_AVAILABILITY = YES_AGGRESSIVE;
				CLANG_WARN_UNREACHABLE_CODE = YES;
				CLANG_WARN__DUPLICATE_METHOD_MATCH = YES;
				CODE_SIGN_IDENTITY = "iPhone Developer";
				COPY_PHASE_STRIP = NO;
				DEBUG_INFORMATION_FORMAT = "dwarf-with-dsym";
				ENABLE_NS_ASSERTIONS = NO;
				ENABLE_STRICT_OBJC_MSGSEND = YES;
				GCC_C_LANGUAGE_STANDARD = gnu11;
				GCC_NO_COMMON_BLOCKS = YES;
				GCC_WARN_64_TO_32_BIT_CONVERSION = YES;
				GCC_WARN_ABOUT_RETURN_TYPE = YES_ERROR;
				GCC_WARN_UNDECLARED_SELECTOR = YES;
				GCC_WARN_UNINITIALIZED_AUTOS = YES_AGGRESSIVE;
				GCC_WARN_UNUSED_FUNCTION = YES;
				GCC_WARN_UNUSED_VARIABLE = YES;
				IPHONEOS_DEPLOYMENT_TARGET = 11.2;
				MTL_ENABLE_DEBUG_INFO = NO;
				SDKROOT = iphoneos;
				SWIFT_OPTIMIZATION_LEVEL = "-Owholemodule";
				VALIDATE_PRODUCT = YES;
			};
			name = Release;
		};
		C1955D00203DCC7D0063A5EF /* Debug */ = {
			isa = XCBuildConfiguration;
			buildSettings = {
				ASSETCATALOG_COMPILER_APPICON_NAME = AppIcon;
				CODE_SIGN_STYLE = Automatic;
				DEVELOPMENT_TEAM = CBUNS4YTQR;
				INFOPLIST_FILE = Todoey/Info.plist;
				LD_RUNPATH_SEARCH_PATHS = "$(inherited) @executable_path/Frameworks";
				PRODUCT_BUNDLE_IDENTIFIER = com.mariamartinezguzman.Todoey;
				PRODUCT_NAME = "$(TARGET_NAME)";
				SWIFT_VERSION = 4.0;
				TARGETED_DEVICE_FAMILY = "1,2";
			};
			name = Debug;
		};
		C1955D01203DCC7D0063A5EF /* Release */ = {
			isa = XCBuildConfiguration;
			buildSettings = {
				ASSETCATALOG_COMPILER_APPICON_NAME = AppIcon;
				CODE_SIGN_STYLE = Automatic;
				DEVELOPMENT_TEAM = CBUNS4YTQR;
				INFOPLIST_FILE = Todoey/Info.plist;
				LD_RUNPATH_SEARCH_PATHS = "$(inherited) @executable_path/Frameworks";
				PRODUCT_BUNDLE_IDENTIFIER = com.mariamartinezguzman.Todoey;
				PRODUCT_NAME = "$(TARGET_NAME)";
				SWIFT_VERSION = 4.0;
				TARGETED_DEVICE_FAMILY = "1,2";
			};
			name = Release;
		};
/* End XCBuildConfiguration section */

/* Begin XCConfigurationList section */
		C1955CE8203DCC7D0063A5EF /* Build configuration list for PBXProject "Todoey" */ = {
			isa = XCConfigurationList;
			buildConfigurations = (
				C1955CFD203DCC7D0063A5EF /* Debug */,
				C1955CFE203DCC7D0063A5EF /* Release */,
			);
			defaultConfigurationIsVisible = 0;
			defaultConfigurationName = Release;
		};
		C1955CFF203DCC7D0063A5EF /* Build configuration list for PBXNativeTarget "Todoey" */ = {
			isa = XCConfigurationList;
			buildConfigurations = (
				C1955D00203DCC7D0063A5EF /* Debug */,
				C1955D01203DCC7D0063A5EF /* Release */,
			);
			defaultConfigurationIsVisible = 0;
			defaultConfigurationName = Release;
		};
/* End XCConfigurationList section */

/* Begin XCVersionGroup section */
		C11F188D203F243F00BCE130 /* DataModel.xcdatamodeld */ = {
			isa = XCVersionGroup;
			children = (
				C11F188E203F243F00BCE130 /* DataModel.xcdatamodel */,
			);
			currentVersion = C11F188E203F243F00BCE130 /* DataModel.xcdatamodel */;
			path = DataModel.xcdatamodeld;
			sourceTree = "<group>";
			versionGroupType = wrapper.xcdatamodel;
		};
/* End XCVersionGroup section */
	};
	rootObject = C1955CE5203DCC7D0063A5EF /* Project object */;
}
